// !$*UTF8*$!
{
	archiveVersion = 1;
	classes = {
	};
	objectVersion = 56;
	objects = {

/* Begin PBXBuildFile section */
		A10933392A4990D30013DB0F /* CharactersPage + extension.swift in Sources */ = {isa = PBXBuildFile; fileRef = A10933382A4990D30013DB0F /* CharactersPage + extension.swift */; };
		A109333B2A4993D10013DB0F /* CollectionViewCustomCell.swift in Sources */ = {isa = PBXBuildFile; fileRef = A109333A2A4993D10013DB0F /* CollectionViewCustomCell.swift */; };
		A109E5992A6565A100C3F6C9 /* LaunchScreen.swift in Sources */ = {isa = PBXBuildFile; fileRef = A109E5982A6565A100C3F6C9 /* LaunchScreen.swift */; };
		A12230F52A431FC0005D23D4 /* AppDelegate.swift in Sources */ = {isa = PBXBuildFile; fileRef = A12230F42A431FC0005D23D4 /* AppDelegate.swift */; };
		A12230F72A431FC0005D23D4 /* SceneDelegate.swift in Sources */ = {isa = PBXBuildFile; fileRef = A12230F62A431FC0005D23D4 /* SceneDelegate.swift */; };
		A12230FC2A431FC0005D23D4 /* Main.storyboard in Resources */ = {isa = PBXBuildFile; fileRef = A12230FA2A431FC0005D23D4 /* Main.storyboard */; };
		A12231012A431FC3005D23D4 /* LaunchScreen.storyboard in Resources */ = {isa = PBXBuildFile; fileRef = A12230FF2A431FC3005D23D4 /* LaunchScreen.storyboard */; };
		A122310D2A432159005D23D4 /* CharactersModel.swift in Sources */ = {isa = PBXBuildFile; fileRef = A122310C2A432159005D23D4 /* CharactersModel.swift */; };
		A1264FBF2A71153E00B010A4 /* ActivityIndikator.swift in Sources */ = {isa = PBXBuildFile; fileRef = A1264FBE2A71153E00B010A4 /* ActivityIndikator.swift */; };
		A1415DF12A8641D900FECD2B /* SettingViewController.swift in Sources */ = {isa = PBXBuildFile; fileRef = A1415DF02A8641D900FECD2B /* SettingViewController.swift */; };
		A1415DFA2A8A6D1800FECD2B /* Media.xcassets in Resources */ = {isa = PBXBuildFile; fileRef = A1415DF92A8A6D1800FECD2B /* Media.xcassets */; };
		A1415DFE2A8B76DB00FECD2B /* TabBarController.swift in Sources */ = {isa = PBXBuildFile; fileRef = A1415DFD2A8B76DB00FECD2B /* TabBarController.swift */; };
		A16CE65B2A8DFBD3000866CA /* TableView.swift in Sources */ = {isa = PBXBuildFile; fileRef = A16CE65A2A8DFBD3000866CA /* TableView.swift */; };
		A16CE65D2A8DFBE4000866CA /* CollectionView.swift in Sources */ = {isa = PBXBuildFile; fileRef = A16CE65C2A8DFBE4000866CA /* CollectionView.swift */; };
		A16CE6672A8E1898000866CA /* LocationsPage + extension.swift in Sources */ = {isa = PBXBuildFile; fileRef = A16CE6662A8E1898000866CA /* LocationsPage + extension.swift */; };
		A16CE66B2A8E5E5C000866CA /* Character + extension.swift in Sources */ = {isa = PBXBuildFile; fileRef = A16CE66A2A8E5E5C000866CA /* Character + extension.swift */; };
		A16CE6712A8E713B000866CA /* ImageCollectionViewCell.swift in Sources */ = {isa = PBXBuildFile; fileRef = A16CE66F2A8E713B000866CA /* ImageCollectionViewCell.swift */; };
		A16CE6722A8E713B000866CA /* ImageCollectionViewCell.xib in Resources */ = {isa = PBXBuildFile; fileRef = A16CE6702A8E713B000866CA /* ImageCollectionViewCell.xib */; };
		A16CE6782A8E7281000866CA /* TextCollectionViewCell.swift in Sources */ = {isa = PBXBuildFile; fileRef = A16CE6762A8E7281000866CA /* TextCollectionViewCell.swift */; };
		A16CE6792A8E7281000866CA /* TextCollectionViewCell.xib in Resources */ = {isa = PBXBuildFile; fileRef = A16CE6772A8E7281000866CA /* TextCollectionViewCell.xib */; };
		A16CE68D2A93D46D000866CA /* SettingViewController + extension.swift in Sources */ = {isa = PBXBuildFile; fileRef = A16CE68C2A93D46D000866CA /* SettingViewController + extension.swift */; };
		A17C87062A7BB0D5007C200F /* CharactersInEpisode + extension.swift in Sources */ = {isa = PBXBuildFile; fileRef = A17C87052A7BB0D5007C200F /* CharactersInEpisode + extension.swift */; };
		A18C56462A69640A00C5BB9F /* protocols.swift in Sources */ = {isa = PBXBuildFile; fileRef = A18C56452A69640A00C5BB9F /* protocols.swift */; };
		A18C56482A6966C100C5BB9F /* EpisodesModel.swift in Sources */ = {isa = PBXBuildFile; fileRef = A18C56472A6966C100C5BB9F /* EpisodesModel.swift */; };
		A18C564A2A6966DA00C5BB9F /* LocationsModel.swift in Sources */ = {isa = PBXBuildFile; fileRef = A18C56492A6966DA00C5BB9F /* LocationsModel.swift */; };
		A18C564C2A696AB200C5BB9F /* NetworkManager.swift in Sources */ = {isa = PBXBuildFile; fileRef = A18C564B2A696AB200C5BB9F /* NetworkManager.swift */; };
		A18E294E2A9E291B00619FCD /* Character.swift in Sources */ = {isa = PBXBuildFile; fileRef = A18E294D2A9E291B00619FCD /* Character.swift */; };
		A18E29502A9E2F6B00619FCD /* ViewControllerWithTableView.swift in Sources */ = {isa = PBXBuildFile; fileRef = A18E294F2A9E2F6B00619FCD /* ViewControllerWithTableView.swift */; };
		A18E29522A9E312700619FCD /* EpisodePage.swift in Sources */ = {isa = PBXBuildFile; fileRef = A18E29512A9E312700619FCD /* EpisodePage.swift */; };
		A1BA041E2A4C31230053019D /* GetImage.swift in Sources */ = {isa = PBXBuildFile; fileRef = A1BA041D2A4C31230053019D /* GetImage.swift */; };
		A1D7F6AB2A727D5700A93C2A /* EpisodesPage + extension.swift in Sources */ = {isa = PBXBuildFile; fileRef = A1D7F6AA2A727D5700A93C2A /* EpisodesPage + extension.swift */; };
		A1D7F6BD2A73EB4300A93C2A /* EpisodeTableViewCell.swift in Sources */ = {isa = PBXBuildFile; fileRef = A1D7F6BB2A73EB4300A93C2A /* EpisodeTableViewCell.swift */; };
		A1D7F6BE2A73EB4300A93C2A /* EpisodeTableViewCell.xib in Resources */ = {isa = PBXBuildFile; fileRef = A1D7F6BC2A73EB4300A93C2A /* EpisodeTableViewCell.xib */; };
		A1DE70D32A9F420200FD1E2A /* CharactersInEpisode.swift in Sources */ = {isa = PBXBuildFile; fileRef = A1DE70D22A9F420200FD1E2A /* CharactersInEpisode.swift */; };
		A1DE70D52A9F48F700FD1E2A /* LocationsPage.swift in Sources */ = {isa = PBXBuildFile; fileRef = A1DE70D42A9F48F700FD1E2A /* LocationsPage.swift */; };
		A1F02BBE2A9CA52F003053FA /* ViewControllerWithCollectionView.swift in Sources */ = {isa = PBXBuildFile; fileRef = A1F02BBD2A9CA52F003053FA /* ViewControllerWithCollectionView.swift */; };
		A1F02BC02A9CA91B003053FA /* CharactersPage.swift in Sources */ = {isa = PBXBuildFile; fileRef = A1F02BBF2A9CA91B003053FA /* CharactersPage.swift */; };
/* End PBXBuildFile section */

/* Begin PBXFileReference section */
		A10933382A4990D30013DB0F /* CharactersPage + extension.swift */ = {isa = PBXFileReference; lastKnownFileType = sourcecode.swift; path = "CharactersPage + extension.swift"; sourceTree = "<group>"; };
		A109333A2A4993D10013DB0F /* CollectionViewCustomCell.swift */ = {isa = PBXFileReference; lastKnownFileType = sourcecode.swift; path = CollectionViewCustomCell.swift; sourceTree = "<group>"; };
		A109E5982A6565A100C3F6C9 /* LaunchScreen.swift */ = {isa = PBXFileReference; lastKnownFileType = sourcecode.swift; path = LaunchScreen.swift; sourceTree = "<group>"; };
		A12230F12A431FC0005D23D4 /* RikkiAndMorti.app */ = {isa = PBXFileReference; explicitFileType = wrapper.application; includeInIndex = 0; path = RikkiAndMorti.app; sourceTree = BUILT_PRODUCTS_DIR; };
		A12230F42A431FC0005D23D4 /* AppDelegate.swift */ = {isa = PBXFileReference; lastKnownFileType = sourcecode.swift; path = AppDelegate.swift; sourceTree = "<group>"; };
		A12230F62A431FC0005D23D4 /* SceneDelegate.swift */ = {isa = PBXFileReference; lastKnownFileType = sourcecode.swift; path = SceneDelegate.swift; sourceTree = "<group>"; };
		A12230FB2A431FC0005D23D4 /* Base */ = {isa = PBXFileReference; lastKnownFileType = file.storyboard; name = Base; path = Base.lproj/Main.storyboard; sourceTree = "<group>"; };
		A12231002A431FC3005D23D4 /* Base */ = {isa = PBXFileReference; lastKnownFileType = file.storyboard; name = Base; path = Base.lproj/LaunchScreen.storyboard; sourceTree = "<group>"; };
		A12231022A431FC3005D23D4 /* Info.plist */ = {isa = PBXFileReference; lastKnownFileType = text.plist.xml; path = Info.plist; sourceTree = "<group>"; };
		A122310C2A432159005D23D4 /* CharactersModel.swift */ = {isa = PBXFileReference; lastKnownFileType = sourcecode.swift; path = CharactersModel.swift; sourceTree = "<group>"; };
		A1264FBE2A71153E00B010A4 /* ActivityIndikator.swift */ = {isa = PBXFileReference; lastKnownFileType = sourcecode.swift; path = ActivityIndikator.swift; sourceTree = "<group>"; };
		A1415DF02A8641D900FECD2B /* SettingViewController.swift */ = {isa = PBXFileReference; lastKnownFileType = sourcecode.swift; path = SettingViewController.swift; sourceTree = "<group>"; };
		A1415DF92A8A6D1800FECD2B /* Media.xcassets */ = {isa = PBXFileReference; lastKnownFileType = folder.assetcatalog; name = Media.xcassets; path = Assets.xcassets/Media.xcassets; sourceTree = "<group>"; };
		A1415DFD2A8B76DB00FECD2B /* TabBarController.swift */ = {isa = PBXFileReference; lastKnownFileType = sourcecode.swift; path = TabBarController.swift; sourceTree = "<group>"; };
		A16CE65A2A8DFBD3000866CA /* TableView.swift */ = {isa = PBXFileReference; lastKnownFileType = sourcecode.swift; path = TableView.swift; sourceTree = "<group>"; };
		A16CE65C2A8DFBE4000866CA /* CollectionView.swift */ = {isa = PBXFileReference; lastKnownFileType = sourcecode.swift; path = CollectionView.swift; sourceTree = "<group>"; };
		A16CE6662A8E1898000866CA /* LocationsPage + extension.swift */ = {isa = PBXFileReference; lastKnownFileType = sourcecode.swift; path = "LocationsPage + extension.swift"; sourceTree = "<group>"; };
		A16CE66A2A8E5E5C000866CA /* Character + extension.swift */ = {isa = PBXFileReference; lastKnownFileType = sourcecode.swift; path = "Character + extension.swift"; sourceTree = "<group>"; };
		A16CE66F2A8E713B000866CA /* ImageCollectionViewCell.swift */ = {isa = PBXFileReference; lastKnownFileType = sourcecode.swift; path = ImageCollectionViewCell.swift; sourceTree = "<group>"; };
		A16CE6702A8E713B000866CA /* ImageCollectionViewCell.xib */ = {isa = PBXFileReference; lastKnownFileType = file.xib; path = ImageCollectionViewCell.xib; sourceTree = "<group>"; };
		A16CE6762A8E7281000866CA /* TextCollectionViewCell.swift */ = {isa = PBXFileReference; lastKnownFileType = sourcecode.swift; path = TextCollectionViewCell.swift; sourceTree = "<group>"; };
		A16CE6772A8E7281000866CA /* TextCollectionViewCell.xib */ = {isa = PBXFileReference; lastKnownFileType = file.xib; path = TextCollectionViewCell.xib; sourceTree = "<group>"; };
		A16CE68C2A93D46D000866CA /* SettingViewController + extension.swift */ = {isa = PBXFileReference; lastKnownFileType = sourcecode.swift; path = "SettingViewController + extension.swift"; sourceTree = "<group>"; };
		A17C87052A7BB0D5007C200F /* CharactersInEpisode + extension.swift */ = {isa = PBXFileReference; lastKnownFileType = sourcecode.swift; path = "CharactersInEpisode + extension.swift"; sourceTree = "<group>"; };
		A18C56452A69640A00C5BB9F /* protocols.swift */ = {isa = PBXFileReference; lastKnownFileType = sourcecode.swift; path = protocols.swift; sourceTree = "<group>"; };
		A18C56472A6966C100C5BB9F /* EpisodesModel.swift */ = {isa = PBXFileReference; lastKnownFileType = sourcecode.swift; path = EpisodesModel.swift; sourceTree = "<group>"; };
		A18C56492A6966DA00C5BB9F /* LocationsModel.swift */ = {isa = PBXFileReference; lastKnownFileType = sourcecode.swift; path = LocationsModel.swift; sourceTree = "<group>"; };
		A18C564B2A696AB200C5BB9F /* NetworkManager.swift */ = {isa = PBXFileReference; lastKnownFileType = sourcecode.swift; path = NetworkManager.swift; sourceTree = "<group>"; };
		A18E294D2A9E291B00619FCD /* Character.swift */ = {isa = PBXFileReference; lastKnownFileType = sourcecode.swift; path = Character.swift; sourceTree = "<group>"; };
		A18E294F2A9E2F6B00619FCD /* ViewControllerWithTableView.swift */ = {isa = PBXFileReference; lastKnownFileType = sourcecode.swift; path = ViewControllerWithTableView.swift; sourceTree = "<group>"; };
		A18E29512A9E312700619FCD /* EpisodePage.swift */ = {isa = PBXFileReference; lastKnownFileType = sourcecode.swift; path = EpisodePage.swift; sourceTree = "<group>"; };
		A1BA041D2A4C31230053019D /* GetImage.swift */ = {isa = PBXFileReference; lastKnownFileType = sourcecode.swift; path = GetImage.swift; sourceTree = "<group>"; };
		A1D7F6AA2A727D5700A93C2A /* EpisodesPage + extension.swift */ = {isa = PBXFileReference; lastKnownFileType = sourcecode.swift; path = "EpisodesPage + extension.swift"; sourceTree = "<group>"; };
		A1D7F6BB2A73EB4300A93C2A /* EpisodeTableViewCell.swift */ = {isa = PBXFileReference; lastKnownFileType = sourcecode.swift; path = EpisodeTableViewCell.swift; sourceTree = "<group>"; };
		A1D7F6BC2A73EB4300A93C2A /* EpisodeTableViewCell.xib */ = {isa = PBXFileReference; lastKnownFileType = file.xib; path = EpisodeTableViewCell.xib; sourceTree = "<group>"; };
		A1DE70D22A9F420200FD1E2A /* CharactersInEpisode.swift */ = {isa = PBXFileReference; lastKnownFileType = sourcecode.swift; path = CharactersInEpisode.swift; sourceTree = "<group>"; };
		A1DE70D42A9F48F700FD1E2A /* LocationsPage.swift */ = {isa = PBXFileReference; lastKnownFileType = sourcecode.swift; path = LocationsPage.swift; sourceTree = "<group>"; };
		A1F02BBD2A9CA52F003053FA /* ViewControllerWithCollectionView.swift */ = {isa = PBXFileReference; lastKnownFileType = sourcecode.swift; path = ViewControllerWithCollectionView.swift; sourceTree = "<group>"; };
		A1F02BBF2A9CA91B003053FA /* CharactersPage.swift */ = {isa = PBXFileReference; lastKnownFileType = sourcecode.swift; name = CharactersPage.swift; path = RikkiAndMorti/VC/CharactersPage.swift; sourceTree = SOURCE_ROOT; };
/* End PBXFileReference section */

/* Begin PBXFrameworksBuildPhase section */
		A12230EE2A431FC0005D23D4 /* Frameworks */ = {
			isa = PBXFrameworksBuildPhase;
			buildActionMask = 2147483647;
			files = (
			);
			runOnlyForDeploymentPostprocessing = 0;
		};
/* End PBXFrameworksBuildPhase section */

/* Begin PBXGroup section */
		A10933372A4990B70013DB0F /* Extension */ = {
			isa = PBXGroup;
			children = (
				A10933382A4990D30013DB0F /* CharactersPage + extension.swift */,
				A16CE66A2A8E5E5C000866CA /* Character + extension.swift */,
				A1D7F6AA2A727D5700A93C2A /* EpisodesPage + extension.swift */,
				A17C87052A7BB0D5007C200F /* CharactersInEpisode + extension.swift */,
				A16CE6662A8E1898000866CA /* LocationsPage + extension.swift */,
				A16CE68C2A93D46D000866CA /* SettingViewController + extension.swift */,
			);
			path = Extension;
			sourceTree = "<group>";
		};
		A12230E82A431FC0005D23D4 = {
			isa = PBXGroup;
			children = (
				A12230F32A431FC0005D23D4 /* RikkiAndMorti */,
				A12230F22A431FC0005D23D4 /* Products */,
			);
			sourceTree = "<group>";
		};
		A12230F22A431FC0005D23D4 /* Products */ = {
			isa = PBXGroup;
			children = (
				A12230F12A431FC0005D23D4 /* RikkiAndMorti.app */,
			);
			name = Products;
			sourceTree = "<group>";
		};
		A12230F32A431FC0005D23D4 /* RikkiAndMorti */ = {
			isa = PBXGroup;
			children = (
				A18C56432A6963E600C5BB9F /* Protocols */,
				A16D5B812A67D32000922462 /* Views */,
				A122310B2A4320D3005D23D4 /* VC */,
				A10933372A4990B70013DB0F /* Extension */,
				A122310A2A4320C7005D23D4 /* Network */,
				A122310E2A432162005D23D4 /* Model */,
				A1BA041C2A4C10C80053019D /* Resurce */,
			);
			path = RikkiAndMorti;
			sourceTree = "<group>";
		};
		A122310A2A4320C7005D23D4 /* Network */ = {
			isa = PBXGroup;
			children = (
				A1BA041D2A4C31230053019D /* GetImage.swift */,
				A18C564B2A696AB200C5BB9F /* NetworkManager.swift */,
			);
			path = Network;
			sourceTree = "<group>";
		};
		A122310B2A4320D3005D23D4 /* VC */ = {
			isa = PBXGroup;
			children = (
				A16CE65E2A8E15C6000866CA /* LaunhScreen */,
				A16CE65F2A8E15D8000866CA /* TabBarContrroller */,
				A16CE6612A8E15F0000866CA /* Character */,
				A16CE6622A8E1615000866CA /* Episode */,
				A16CE6632A8E161E000866CA /* Loacction */,
				A16CE6652A8E162C000866CA /* Setting */,
				A1DE70D82A9F4CE300FD1E2A /* MainViewControllers */,
			);
			path = VC;
			sourceTree = "<group>";
		};
		A122310E2A432162005D23D4 /* Model */ = {
			isa = PBXGroup;
			children = (
				A122310C2A432159005D23D4 /* CharactersModel.swift */,
				A18C56472A6966C100C5BB9F /* EpisodesModel.swift */,
				A18C56492A6966DA00C5BB9F /* LocationsModel.swift */,
			);
			path = Model;
			sourceTree = "<group>";
		};
		A16CE65E2A8E15C6000866CA /* LaunhScreen */ = {
			isa = PBXGroup;
			children = (
				A109E5982A6565A100C3F6C9 /* LaunchScreen.swift */,
			);
			path = LaunhScreen;
			sourceTree = "<group>";
		};
		A16CE65F2A8E15D8000866CA /* TabBarContrroller */ = {
			isa = PBXGroup;
			children = (
				A1415DFD2A8B76DB00FECD2B /* TabBarController.swift */,
			);
			path = TabBarContrroller;
			sourceTree = "<group>";
		};
		A16CE6612A8E15F0000866CA /* Character */ = {
			isa = PBXGroup;
			children = (
				A1F02BBF2A9CA91B003053FA /* CharactersPage.swift */,
				A18E294D2A9E291B00619FCD /* Character.swift */,
			);
			path = Character;
			sourceTree = "<group>";
		};
		A16CE6622A8E1615000866CA /* Episode */ = {
			isa = PBXGroup;
			children = (
				A18E29512A9E312700619FCD /* EpisodePage.swift */,
				A1DE70D22A9F420200FD1E2A /* CharactersInEpisode.swift */,
			);
			path = Episode;
			sourceTree = "<group>";
		};
		A16CE6632A8E161E000866CA /* Loacction */ = {
			isa = PBXGroup;
			children = (
				A1DE70D42A9F48F700FD1E2A /* LocationsPage.swift */,
			);
			path = Loacction;
			sourceTree = "<group>";
		};
		A16CE6652A8E162C000866CA /* Setting */ = {
			isa = PBXGroup;
			children = (
				A1415DF02A8641D900FECD2B /* SettingViewController.swift */,
			);
			path = Setting;
			sourceTree = "<group>";
		};
		A16CE6732A8E7205000866CA /* CollectionView */ = {
			isa = PBXGroup;
			children = (
				A16CE65C2A8DFBE4000866CA /* CollectionView.swift */,
				A109333A2A4993D10013DB0F /* CollectionViewCustomCell.swift */,
				A16CE66F2A8E713B000866CA /* ImageCollectionViewCell.swift */,
				A16CE6702A8E713B000866CA /* ImageCollectionViewCell.xib */,
				A16CE6762A8E7281000866CA /* TextCollectionViewCell.swift */,
				A16CE6772A8E7281000866CA /* TextCollectionViewCell.xib */,
			);
			path = CollectionView;
			sourceTree = "<group>";
		};
		A16CE6742A8E7211000866CA /* TableView */ = {
			isa = PBXGroup;
			children = (
				A16CE65A2A8DFBD3000866CA /* TableView.swift */,
				A1D7F6BB2A73EB4300A93C2A /* EpisodeTableViewCell.swift */,
				A1D7F6BC2A73EB4300A93C2A /* EpisodeTableViewCell.xib */,
			);
			path = TableView;
			sourceTree = "<group>";
		};
		A16CE6752A8E7222000866CA /* ActivityIndikator */ = {
			isa = PBXGroup;
			children = (
				A1264FBE2A71153E00B010A4 /* ActivityIndikator.swift */,
			);
			path = ActivityIndikator;
			sourceTree = "<group>";
		};
		A16D5B812A67D32000922462 /* Views */ = {
			isa = PBXGroup;
			children = (
				A16CE6752A8E7222000866CA /* ActivityIndikator */,
				A16CE6742A8E7211000866CA /* TableView */,
				A16CE6732A8E7205000866CA /* CollectionView */,
			);
			path = Views;
			sourceTree = "<group>";
		};
		A18C56432A6963E600C5BB9F /* Protocols */ = {
			isa = PBXGroup;
			children = (
				A18C56452A69640A00C5BB9F /* protocols.swift */,
			);
			path = Protocols;
			sourceTree = "<group>";
		};
		A1BA041C2A4C10C80053019D /* Resurce */ = {
			isa = PBXGroup;
			children = (
				A12231022A431FC3005D23D4 /* Info.plist */,
				A12230F42A431FC0005D23D4 /* AppDelegate.swift */,
				A12230F62A431FC0005D23D4 /* SceneDelegate.swift */,
				A12230FA2A431FC0005D23D4 /* Main.storyboard */,
				A12230FF2A431FC3005D23D4 /* LaunchScreen.storyboard */,
				A1415DF92A8A6D1800FECD2B /* Media.xcassets */,
			);
			path = Resurce;
			sourceTree = "<group>";
		};
		A1DE70D82A9F4CE300FD1E2A /* MainViewControllers */ = {
			isa = PBXGroup;
			children = (
				A1F02BBD2A9CA52F003053FA /* ViewControllerWithCollectionView.swift */,
				A18E294F2A9E2F6B00619FCD /* ViewControllerWithTableView.swift */,
			);
			path = MainViewControllers;
			sourceTree = "<group>";
		};
/* End PBXGroup section */

/* Begin PBXNativeTarget section */
		A12230F02A431FC0005D23D4 /* RikkiAndMorti */ = {
			isa = PBXNativeTarget;
			buildConfigurationList = A12231052A431FC3005D23D4 /* Build configuration list for PBXNativeTarget "RikkiAndMorti" */;
			buildPhases = (
				A12230ED2A431FC0005D23D4 /* Sources */,
				A12230EE2A431FC0005D23D4 /* Frameworks */,
				A12230EF2A431FC0005D23D4 /* Resources */,
			);
			buildRules = (
			);
			dependencies = (
			);
			name = RikkiAndMorti;
			productName = RikkiAndMorti;
			productReference = A12230F12A431FC0005D23D4 /* RikkiAndMorti.app */;
			productType = "com.apple.product-type.application";
		};
/* End PBXNativeTarget section */

/* Begin PBXProject section */
		A12230E92A431FC0005D23D4 /* Project object */ = {
			isa = PBXProject;
			attributes = {
				BuildIndependentTargetsInParallel = 1;
				LastSwiftUpdateCheck = 1430;
				LastUpgradeCheck = 1430;
				TargetAttributes = {
					A12230F02A431FC0005D23D4 = {
						CreatedOnToolsVersion = 14.3.1;
					};
				};
			};
			buildConfigurationList = A12230EC2A431FC0005D23D4 /* Build configuration list for PBXProject "RikkiAndMorti" */;
			compatibilityVersion = "Xcode 14.0";
			developmentRegion = en;
			hasScannedForEncodings = 0;
			knownRegions = (
				en,
				Base,
			);
			mainGroup = A12230E82A431FC0005D23D4;
			productRefGroup = A12230F22A431FC0005D23D4 /* Products */;
			projectDirPath = "";
			projectRoot = "";
			targets = (
				A12230F02A431FC0005D23D4 /* RikkiAndMorti */,
			);
		};
/* End PBXProject section */

/* Begin PBXResourcesBuildPhase section */
		A12230EF2A431FC0005D23D4 /* Resources */ = {
			isa = PBXResourcesBuildPhase;
			buildActionMask = 2147483647;
			files = (
				A12231012A431FC3005D23D4 /* LaunchScreen.storyboard in Resources */,
				A1D7F6BE2A73EB4300A93C2A /* EpisodeTableViewCell.xib in Resources */,
				A1415DFA2A8A6D1800FECD2B /* Media.xcassets in Resources */,
				A16CE6792A8E7281000866CA /* TextCollectionViewCell.xib in Resources */,
				A12230FC2A431FC0005D23D4 /* Main.storyboard in Resources */,
				A16CE6722A8E713B000866CA /* ImageCollectionViewCell.xib in Resources */,
			);
			runOnlyForDeploymentPostprocessing = 0;
		};
/* End PBXResourcesBuildPhase section */

/* Begin PBXSourcesBuildPhase section */
		A12230ED2A431FC0005D23D4 /* Sources */ = {
			isa = PBXSourcesBuildPhase;
			buildActionMask = 2147483647;
			files = (
				A122310D2A432159005D23D4 /* CharactersModel.swift in Sources */,
				A1264FBF2A71153E00B010A4 /* ActivityIndikator.swift in Sources */,
				A18E294E2A9E291B00619FCD /* Character.swift in Sources */,
				A10933392A4990D30013DB0F /* CharactersPage + extension.swift in Sources */,
				A1DE70D52A9F48F700FD1E2A /* LocationsPage.swift in Sources */,
				A16CE6782A8E7281000866CA /* TextCollectionViewCell.swift in Sources */,
				A109E5992A6565A100C3F6C9 /* LaunchScreen.swift in Sources */,
				A18C564C2A696AB200C5BB9F /* NetworkManager.swift in Sources */,
				A16CE68D2A93D46D000866CA /* SettingViewController + extension.swift in Sources */,
				A18E29502A9E2F6B00619FCD /* ViewControllerWithTableView.swift in Sources */,
				A18E29522A9E312700619FCD /* EpisodePage.swift in Sources */,
				A16CE65D2A8DFBE4000866CA /* CollectionView.swift in Sources */,
				A109333B2A4993D10013DB0F /* CollectionViewCustomCell.swift in Sources */,
				A16CE6672A8E1898000866CA /* LocationsPage + extension.swift in Sources */,
				A18C564A2A6966DA00C5BB9F /* LocationsModel.swift in Sources */,
				A1F02BBE2A9CA52F003053FA /* ViewControllerWithCollectionView.swift in Sources */,
				A16CE65B2A8DFBD3000866CA /* TableView.swift in Sources */,
				A1415DF12A8641D900FECD2B /* SettingViewController.swift in Sources */,
				A1BA041E2A4C31230053019D /* GetImage.swift in Sources */,
				A16CE6712A8E713B000866CA /* ImageCollectionViewCell.swift in Sources */,
				A1F02BC02A9CA91B003053FA /* CharactersPage.swift in Sources */,
				A1DE70D32A9F420200FD1E2A /* CharactersInEpisode.swift in Sources */,
				A1D7F6BD2A73EB4300A93C2A /* EpisodeTableViewCell.swift in Sources */,
				A1415DFE2A8B76DB00FECD2B /* TabBarController.swift in Sources */,
				A1D7F6AB2A727D5700A93C2A /* EpisodesPage + extension.swift in Sources */,
				A17C87062A7BB0D5007C200F /* CharactersInEpisode + extension.swift in Sources */,
				A12230F52A431FC0005D23D4 /* AppDelegate.swift in Sources */,
				A12230F72A431FC0005D23D4 /* SceneDelegate.swift in Sources */,
				A16CE66B2A8E5E5C000866CA /* Character + extension.swift in Sources */,
				A18C56462A69640A00C5BB9F /* protocols.swift in Sources */,
				A18C56482A6966C100C5BB9F /* EpisodesModel.swift in Sources */,
			);
			runOnlyForDeploymentPostprocessing = 0;
		};
/* End PBXSourcesBuildPhase section */

/* Begin PBXVariantGroup section */
		A12230FA2A431FC0005D23D4 /* Main.storyboard */ = {
			isa = PBXVariantGroup;
			children = (
				A12230FB2A431FC0005D23D4 /* Base */,
			);
			name = Main.storyboard;
			sourceTree = "<group>";
		};
		A12230FF2A431FC3005D23D4 /* LaunchScreen.storyboard */ = {
			isa = PBXVariantGroup;
			children = (
				A12231002A431FC3005D23D4 /* Base */,
			);
			name = LaunchScreen.storyboard;
			sourceTree = "<group>";
		};
/* End PBXVariantGroup section */

/* Begin XCBuildConfiguration section */
		A12231032A431FC3005D23D4 /* Debug */ = {
			isa = XCBuildConfiguration;
			buildSettings = {
				ALWAYS_SEARCH_USER_PATHS = NO;
				CLANG_ANALYZER_NONNULL = YES;
				CLANG_ANALYZER_NUMBER_OBJECT_CONVERSION = YES_AGGRESSIVE;
				CLANG_CXX_LANGUAGE_STANDARD = "gnu++20";
				CLANG_ENABLE_MODULES = YES;
				CLANG_ENABLE_OBJC_ARC = YES;
				CLANG_ENABLE_OBJC_WEAK = YES;
				CLANG_WARN_BLOCK_CAPTURE_AUTORELEASING = YES;
				CLANG_WARN_BOOL_CONVERSION = YES;
				CLANG_WARN_COMMA = YES;
				CLANG_WARN_CONSTANT_CONVERSION = YES;
				CLANG_WARN_DEPRECATED_OBJC_IMPLEMENTATIONS = YES;
				CLANG_WARN_DIRECT_OBJC_ISA_USAGE = YES_ERROR;
				CLANG_WARN_DOCUMENTATION_COMMENTS = YES;
				CLANG_WARN_EMPTY_BODY = YES;
				CLANG_WARN_ENUM_CONVERSION = YES;
				CLANG_WARN_INFINITE_RECURSION = YES;
				CLANG_WARN_INT_CONVERSION = YES;
				CLANG_WARN_NON_LITERAL_NULL_CONVERSION = YES;
				CLANG_WARN_OBJC_IMPLICIT_RETAIN_SELF = YES;
				CLANG_WARN_OBJC_LITERAL_CONVERSION = YES;
				CLANG_WARN_OBJC_ROOT_CLASS = YES_ERROR;
				CLANG_WARN_QUOTED_INCLUDE_IN_FRAMEWORK_HEADER = YES;
				CLANG_WARN_RANGE_LOOP_ANALYSIS = YES;
				CLANG_WARN_STRICT_PROTOTYPES = YES;
				CLANG_WARN_SUSPICIOUS_MOVE = YES;
				CLANG_WARN_UNGUARDED_AVAILABILITY = YES_AGGRESSIVE;
				CLANG_WARN_UNREACHABLE_CODE = YES;
				CLANG_WARN__DUPLICATE_METHOD_MATCH = YES;
				COPY_PHASE_STRIP = NO;
				DEBUG_INFORMATION_FORMAT = dwarf;
				ENABLE_STRICT_OBJC_MSGSEND = YES;
				ENABLE_TESTABILITY = YES;
				GCC_C_LANGUAGE_STANDARD = gnu11;
				GCC_DYNAMIC_NO_PIC = NO;
				GCC_NO_COMMON_BLOCKS = YES;
				GCC_OPTIMIZATION_LEVEL = 0;
				GCC_PREPROCESSOR_DEFINITIONS = (
					"DEBUG=1",
					"$(inherited)",
				);
				GCC_WARN_64_TO_32_BIT_CONVERSION = YES;
				GCC_WARN_ABOUT_RETURN_TYPE = YES_ERROR;
				GCC_WARN_UNDECLARED_SELECTOR = YES;
				GCC_WARN_UNINITIALIZED_AUTOS = YES_AGGRESSIVE;
				GCC_WARN_UNUSED_FUNCTION = YES;
				GCC_WARN_UNUSED_VARIABLE = YES;
				IPHONEOS_DEPLOYMENT_TARGET = 16.4;
				MTL_ENABLE_DEBUG_INFO = INCLUDE_SOURCE;
				MTL_FAST_MATH = YES;
				ONLY_ACTIVE_ARCH = YES;
				SDKROOT = iphoneos;
				SWIFT_ACTIVE_COMPILATION_CONDITIONS = DEBUG;
				SWIFT_OPTIMIZATION_LEVEL = "-Onone";
			};
			name = Debug;
		};
		A12231042A431FC3005D23D4 /* Release */ = {
			isa = XCBuildConfiguration;
			buildSettings = {
				ALWAYS_SEARCH_USER_PATHS = NO;
				CLANG_ANALYZER_NONNULL = YES;
				CLANG_ANALYZER_NUMBER_OBJECT_CONVERSION = YES_AGGRESSIVE;
				CLANG_CXX_LANGUAGE_STANDARD = "gnu++20";
				CLANG_ENABLE_MODULES = YES;
				CLANG_ENABLE_OBJC_ARC = YES;
				CLANG_ENABLE_OBJC_WEAK = YES;
				CLANG_WARN_BLOCK_CAPTURE_AUTORELEASING = YES;
				CLANG_WARN_BOOL_CONVERSION = YES;
				CLANG_WARN_COMMA = YES;
				CLANG_WARN_CONSTANT_CONVERSION = YES;
				CLANG_WARN_DEPRECATED_OBJC_IMPLEMENTATIONS = YES;
				CLANG_WARN_DIRECT_OBJC_ISA_USAGE = YES_ERROR;
				CLANG_WARN_DOCUMENTATION_COMMENTS = YES;
				CLANG_WARN_EMPTY_BODY = YES;
				CLANG_WARN_ENUM_CONVERSION = YES;
				CLANG_WARN_INFINITE_RECURSION = YES;
				CLANG_WARN_INT_CONVERSION = YES;
				CLANG_WARN_NON_LITERAL_NULL_CONVERSION = YES;
				CLANG_WARN_OBJC_IMPLICIT_RETAIN_SELF = YES;
				CLANG_WARN_OBJC_LITERAL_CONVERSION = YES;
				CLANG_WARN_OBJC_ROOT_CLASS = YES_ERROR;
				CLANG_WARN_QUOTED_INCLUDE_IN_FRAMEWORK_HEADER = YES;
				CLANG_WARN_RANGE_LOOP_ANALYSIS = YES;
				CLANG_WARN_STRICT_PROTOTYPES = YES;
				CLANG_WARN_SUSPICIOUS_MOVE = YES;
				CLANG_WARN_UNGUARDED_AVAILABILITY = YES_AGGRESSIVE;
				CLANG_WARN_UNREACHABLE_CODE = YES;
				CLANG_WARN__DUPLICATE_METHOD_MATCH = YES;
				COPY_PHASE_STRIP = NO;
				DEBUG_INFORMATION_FORMAT = "dwarf-with-dsym";
				ENABLE_NS_ASSERTIONS = NO;
				ENABLE_STRICT_OBJC_MSGSEND = YES;
				GCC_C_LANGUAGE_STANDARD = gnu11;
				GCC_NO_COMMON_BLOCKS = YES;
				GCC_WARN_64_TO_32_BIT_CONVERSION = YES;
				GCC_WARN_ABOUT_RETURN_TYPE = YES_ERROR;
				GCC_WARN_UNDECLARED_SELECTOR = YES;
				GCC_WARN_UNINITIALIZED_AUTOS = YES_AGGRESSIVE;
				GCC_WARN_UNUSED_FUNCTION = YES;
				GCC_WARN_UNUSED_VARIABLE = YES;
				IPHONEOS_DEPLOYMENT_TARGET = 16.4;
				MTL_ENABLE_DEBUG_INFO = NO;
				MTL_FAST_MATH = YES;
				SDKROOT = iphoneos;
				SWIFT_COMPILATION_MODE = wholemodule;
				SWIFT_OPTIMIZATION_LEVEL = "-O";
				VALIDATE_PRODUCT = YES;
			};
			name = Release;
		};
		A12231062A431FC3005D23D4 /* Debug */ = {
			isa = XCBuildConfiguration;
			buildSettings = {
				ASSETCATALOG_COMPILER_APPICON_NAME = AppIcon;
				ASSETCATALOG_COMPILER_GLOBAL_ACCENT_COLOR_NAME = AccentColor;
				CODE_SIGN_STYLE = Automatic;
				CURRENT_PROJECT_VERSION = 1;
				GENERATE_INFOPLIST_FILE = YES;
				INFOPLIST_FILE = RikkiAndMorti/Resurce/Info.plist;
				INFOPLIST_KEY_UIApplicationSupportsIndirectInputEvents = YES;
				INFOPLIST_KEY_UILaunchStoryboardName = LaunchScreen;
				INFOPLIST_KEY_UIMainStoryboardFile = Main;
				INFOPLIST_KEY_UISupportedInterfaceOrientations = "UIInterfaceOrientationLandscapeLeft UIInterfaceOrientationLandscapeRight UIInterfaceOrientationPortrait UIInterfaceOrientationPortraitUpsideDown";
				IPHONEOS_DEPLOYMENT_TARGET = 16.0;
				LD_RUNPATH_SEARCH_PATHS = (
					"$(inherited)",
					"@executable_path/Frameworks",
				);
				MARKETING_VERSION = 1.0;
				PRODUCT_BUNDLE_IDENTIFIER = DmytroSeheida.RikkiAndMorti;
				PRODUCT_NAME = "$(TARGET_NAME)";
				SUPPORTED_PLATFORMS = "iphoneos iphonesimulator";
				SUPPORTS_MACCATALYST = NO;
				SUPPORTS_MAC_DESIGNED_FOR_IPHONE_IPAD = NO;
				SWIFT_EMIT_LOC_STRINGS = YES;
				SWIFT_VERSION = 5.0;
				TARGETED_DEVICE_FAMILY = "1,2";
			};
			name = Debug;
		};
		A12231072A431FC3005D23D4 /* Release */ = {
			isa = XCBuildConfiguration;
			buildSettings = {
				ASSETCATALOG_COMPILER_APPICON_NAME = AppIcon;
				ASSETCATALOG_COMPILER_GLOBAL_ACCENT_COLOR_NAME = AccentColor;
				CODE_SIGN_STYLE = Automatic;
				CURRENT_PROJECT_VERSION = 1;
				GENERATE_INFOPLIST_FILE = YES;
				INFOPLIST_FILE = RikkiAndMorti/Resurce/Info.plist;
				INFOPLIST_KEY_UIApplicationSupportsIndirectInputEvents = YES;
				INFOPLIST_KEY_UILaunchStoryboardName = LaunchScreen;
				INFOPLIST_KEY_UIMainStoryboardFile = Main;
				INFOPLIST_KEY_UISupportedInterfaceOrientations = "UIInterfaceOrientationLandscapeLeft UIInterfaceOrientationLandscapeRight UIInterfaceOrientationPortrait UIInterfaceOrientationPortraitUpsideDown";
				IPHONEOS_DEPLOYMENT_TARGET = 16.0;
				LD_RUNPATH_SEARCH_PATHS = (
					"$(inherited)",
					"@executable_path/Frameworks",
				);
				MARKETING_VERSION = 1.0;
				PRODUCT_BUNDLE_IDENTIFIER = DmytroSeheida.RikkiAndMorti;
				PRODUCT_NAME = "$(TARGET_NAME)";
				SUPPORTED_PLATFORMS = "iphoneos iphonesimulator";
				SUPPORTS_MACCATALYST = NO;
				SUPPORTS_MAC_DESIGNED_FOR_IPHONE_IPAD = NO;
				SWIFT_EMIT_LOC_STRINGS = YES;
				SWIFT_VERSION = 5.0;
				TARGETED_DEVICE_FAMILY = "1,2";
			};
			name = Release;
		};
/* End XCBuildConfiguration section */

/* Begin XCConfigurationList section */
		A12230EC2A431FC0005D23D4 /* Build configuration list for PBXProject "RikkiAndMorti" */ = {
			isa = XCConfigurationList;
			buildConfigurations = (
				A12231032A431FC3005D23D4 /* Debug */,
				A12231042A431FC3005D23D4 /* Release */,
			);
			defaultConfigurationIsVisible = 0;
			defaultConfigurationName = Release;
		};
		A12231052A431FC3005D23D4 /* Build configuration list for PBXNativeTarget "RikkiAndMorti" */ = {
			isa = XCConfigurationList;
			buildConfigurations = (
				A12231062A431FC3005D23D4 /* Debug */,
				A12231072A431FC3005D23D4 /* Release */,
			);
			defaultConfigurationIsVisible = 0;
			defaultConfigurationName = Release;
		};
/* End XCConfigurationList section */
	};
	rootObject = A12230E92A431FC0005D23D4 /* Project object */;
}
