// !$*UTF8*$!
{
	archiveVersion = 1;
	classes = {
	};
	objectVersion = 56;
	objects = {

/* Begin PBXBuildFile section */
		A10933392A4990D30013DB0F /* VC+Extension.swift in Sources */ = {isa = PBXBuildFile; fileRef = A10933382A4990D30013DB0F /* VC+Extension.swift */; };
		A109333B2A4993D10013DB0F /* CustomCell.swift in Sources */ = {isa = PBXBuildFile; fileRef = A109333A2A4993D10013DB0F /* CustomCell.swift */; };
		A109E5992A6565A100C3F6C9 /* LaunchScreen.swift in Sources */ = {isa = PBXBuildFile; fileRef = A109E5982A6565A100C3F6C9 /* LaunchScreen.swift */; };
		A12230F52A431FC0005D23D4 /* AppDelegate.swift in Sources */ = {isa = PBXBuildFile; fileRef = A12230F42A431FC0005D23D4 /* AppDelegate.swift */; };
		A12230F72A431FC0005D23D4 /* SceneDelegate.swift in Sources */ = {isa = PBXBuildFile; fileRef = A12230F62A431FC0005D23D4 /* SceneDelegate.swift */; };
		A12230F92A431FC0005D23D4 /* ViewController.swift in Sources */ = {isa = PBXBuildFile; fileRef = A12230F82A431FC0005D23D4 /* ViewController.swift */; };
		A12230FC2A431FC0005D23D4 /* Main.storyboard in Resources */ = {isa = PBXBuildFile; fileRef = A12230FA2A431FC0005D23D4 /* Main.storyboard */; };
		A12230FE2A431FC3005D23D4 /* Assets.xcassets in Resources */ = {isa = PBXBuildFile; fileRef = A12230FD2A431FC3005D23D4 /* Assets.xcassets */; };
		A12231012A431FC3005D23D4 /* LaunchScreen.storyboard in Resources */ = {isa = PBXBuildFile; fileRef = A12230FF2A431FC3005D23D4 /* LaunchScreen.storyboard */; };
		A122310D2A432159005D23D4 /* CharactersModel.swift in Sources */ = {isa = PBXBuildFile; fileRef = A122310C2A432159005D23D4 /* CharactersModel.swift */; };
		A12EB2B82A5C16FC003DC76E /* ViewCell.swift in Sources */ = {isa = PBXBuildFile; fileRef = A12EB2B72A5C16FC003DC76E /* ViewCell.swift */; };
		A16D5B7E2A67C71200922462 /* Episode.swift in Sources */ = {isa = PBXBuildFile; fileRef = A16D5B7D2A67C71200922462 /* Episode.swift */; };
		A16D5B802A67C72F00922462 /* LocationCharacter.swift in Sources */ = {isa = PBXBuildFile; fileRef = A16D5B7F2A67C72F00922462 /* LocationCharacter.swift */; };
		A18C56252A67DF5500C5BB9F /* TabBarcontroller.swift in Sources */ = {isa = PBXBuildFile; fileRef = A18C56242A67DF5500C5BB9F /* TabBarcontroller.swift */; };
		A18C56422A6963B200C5BB9F /* Memory.swift in Sources */ = {isa = PBXBuildFile; fileRef = A18C56412A6963B200C5BB9F /* Memory.swift */; };
		A18C56462A69640A00C5BB9F /* protocols.swift in Sources */ = {isa = PBXBuildFile; fileRef = A18C56452A69640A00C5BB9F /* protocols.swift */; };
		A18C56482A6966C100C5BB9F /* EpisodesModel.swift in Sources */ = {isa = PBXBuildFile; fileRef = A18C56472A6966C100C5BB9F /* EpisodesModel.swift */; };
		A18C564A2A6966DA00C5BB9F /* LocationsModel.swift in Sources */ = {isa = PBXBuildFile; fileRef = A18C56492A6966DA00C5BB9F /* LocationsModel.swift */; };
		A18C564C2A696AB200C5BB9F /* NetworkManager.swift in Sources */ = {isa = PBXBuildFile; fileRef = A18C564B2A696AB200C5BB9F /* NetworkManager.swift */; };
		A1BA041E2A4C31230053019D /* GetImage.swift in Sources */ = {isa = PBXBuildFile; fileRef = A1BA041D2A4C31230053019D /* GetImage.swift */; };
/* End PBXBuildFile section */

/* Begin PBXFileReference section */
		A10933382A4990D30013DB0F /* VC+Extension.swift */ = {isa = PBXFileReference; lastKnownFileType = sourcecode.swift; path = "VC+Extension.swift"; sourceTree = "<group>"; };
		A109333A2A4993D10013DB0F /* CustomCell.swift */ = {isa = PBXFileReference; lastKnownFileType = sourcecode.swift; path = CustomCell.swift; sourceTree = "<group>"; };
		A109E5982A6565A100C3F6C9 /* LaunchScreen.swift */ = {isa = PBXFileReference; lastKnownFileType = sourcecode.swift; path = LaunchScreen.swift; sourceTree = "<group>"; };
		A12230F12A431FC0005D23D4 /* RikkiAndMorti.app */ = {isa = PBXFileReference; explicitFileType = wrapper.application; includeInIndex = 0; path = RikkiAndMorti.app; sourceTree = BUILT_PRODUCTS_DIR; };
		A12230F42A431FC0005D23D4 /* AppDelegate.swift */ = {isa = PBXFileReference; lastKnownFileType = sourcecode.swift; path = AppDelegate.swift; sourceTree = "<group>"; };
		A12230F62A431FC0005D23D4 /* SceneDelegate.swift */ = {isa = PBXFileReference; lastKnownFileType = sourcecode.swift; path = SceneDelegate.swift; sourceTree = "<group>"; };
		A12230F82A431FC0005D23D4 /* ViewController.swift */ = {isa = PBXFileReference; lastKnownFileType = sourcecode.swift; path = ViewController.swift; sourceTree = "<group>"; };
		A12230FB2A431FC0005D23D4 /* Base */ = {isa = PBXFileReference; lastKnownFileType = file.storyboard; name = Base; path = Base.lproj/Main.storyboard; sourceTree = "<group>"; };
		A12230FD2A431FC3005D23D4 /* Assets.xcassets */ = {isa = PBXFileReference; lastKnownFileType = folder.assetcatalog; path = Assets.xcassets; sourceTree = "<group>"; };
		A12231002A431FC3005D23D4 /* Base */ = {isa = PBXFileReference; lastKnownFileType = file.storyboard; name = Base; path = Base.lproj/LaunchScreen.storyboard; sourceTree = "<group>"; };
		A12231022A431FC3005D23D4 /* Info.plist */ = {isa = PBXFileReference; lastKnownFileType = text.plist.xml; path = Info.plist; sourceTree = "<group>"; };
		A122310C2A432159005D23D4 /* CharactersModel.swift */ = {isa = PBXFileReference; lastKnownFileType = sourcecode.swift; path = CharactersModel.swift; sourceTree = "<group>"; };
		A12EB2B72A5C16FC003DC76E /* ViewCell.swift */ = {isa = PBXFileReference; lastKnownFileType = sourcecode.swift; path = ViewCell.swift; sourceTree = "<group>"; };
		A16D5B7D2A67C71200922462 /* Episode.swift */ = {isa = PBXFileReference; lastKnownFileType = sourcecode.swift; path = Episode.swift; sourceTree = "<group>"; };
		A16D5B7F2A67C72F00922462 /* LocationCharacter.swift */ = {isa = PBXFileReference; lastKnownFileType = sourcecode.swift; path = LocationCharacter.swift; sourceTree = "<group>"; };
		A18C56242A67DF5500C5BB9F /* TabBarcontroller.swift */ = {isa = PBXFileReference; lastKnownFileType = sourcecode.swift; path = TabBarcontroller.swift; sourceTree = "<group>"; };
		A18C56412A6963B200C5BB9F /* Memory.swift */ = {isa = PBXFileReference; lastKnownFileType = sourcecode.swift; path = Memory.swift; sourceTree = "<group>"; };
		A18C56452A69640A00C5BB9F /* protocols.swift */ = {isa = PBXFileReference; lastKnownFileType = sourcecode.swift; path = protocols.swift; sourceTree = "<group>"; };
		A18C56472A6966C100C5BB9F /* EpisodesModel.swift */ = {isa = PBXFileReference; lastKnownFileType = sourcecode.swift; path = EpisodesModel.swift; sourceTree = "<group>"; };
		A18C56492A6966DA00C5BB9F /* LocationsModel.swift */ = {isa = PBXFileReference; lastKnownFileType = sourcecode.swift; path = LocationsModel.swift; sourceTree = "<group>"; };
		A18C564B2A696AB200C5BB9F /* NetworkManager.swift */ = {isa = PBXFileReference; lastKnownFileType = sourcecode.swift; path = NetworkManager.swift; sourceTree = "<group>"; };
		A1BA041D2A4C31230053019D /* GetImage.swift */ = {isa = PBXFileReference; lastKnownFileType = sourcecode.swift; path = GetImage.swift; sourceTree = "<group>"; };
/* End PBXFileReference section */

/* Begin PBXFrameworksBuildPhase section */
		A12230EE2A431FC0005D23D4 /* Frameworks */ = {
			isa = PBXFrameworksBuildPhase;
			buildActionMask = 2147483647;
			files = (
			);
			runOnlyForDeploymentPostprocessing = 0;
		};
/* End PBXFrameworksBuildPhase section */

/* Begin PBXGroup section */
		A10933372A4990B70013DB0F /* Extension */ = {
			isa = PBXGroup;
			children = (
				A10933382A4990D30013DB0F /* VC+Extension.swift */,
			);
			path = Extension;
			sourceTree = "<group>";
		};
		A12230E82A431FC0005D23D4 = {
			isa = PBXGroup;
			children = (
				A12230F32A431FC0005D23D4 /* RikkiAndMorti */,
				A12230F22A431FC0005D23D4 /* Products */,
			);
			sourceTree = "<group>";
		};
		A12230F22A431FC0005D23D4 /* Products */ = {
			isa = PBXGroup;
			children = (
				A12230F12A431FC0005D23D4 /* RikkiAndMorti.app */,
			);
			name = Products;
			sourceTree = "<group>";
		};
		A12230F32A431FC0005D23D4 /* RikkiAndMorti */ = {
			isa = PBXGroup;
			children = (
				A18C56432A6963E600C5BB9F /* Protocols */,
				A16D5B812A67D32000922462 /* Views */,
				A122310B2A4320D3005D23D4 /* VC */,
				A10933372A4990B70013DB0F /* Extension */,
				A122310E2A432162005D23D4 /* Model */,
				A122310A2A4320C7005D23D4 /* Network */,
				A1BA041C2A4C10C80053019D /* Resurce */,
				A12231022A431FC3005D23D4 /* Info.plist */,
			);
			path = RikkiAndMorti;
			sourceTree = "<group>";
		};
		A122310A2A4320C7005D23D4 /* Network */ = {
			isa = PBXGroup;
			children = (
				A1BA041D2A4C31230053019D /* GetImage.swift */,
				A18C564B2A696AB200C5BB9F /* NetworkManager.swift */,
			);
			path = Network;
			sourceTree = "<group>";
		};
		A122310B2A4320D3005D23D4 /* VC */ = {
			isa = PBXGroup;
			children = (
				A109E5982A6565A100C3F6C9 /* LaunchScreen.swift */,
				A18C56242A67DF5500C5BB9F /* TabBarcontroller.swift */,
				A18C562C2A6846B200C5BB9F /* Characters */,
				A16D5B7F2A67C72F00922462 /* LocationCharacter.swift */,
				A16D5B7D2A67C71200922462 /* Episode.swift */,
			);
			path = VC;
			sourceTree = "<group>";
		};
		A122310E2A432162005D23D4 /* Model */ = {
			isa = PBXGroup;
			children = (
				A122310C2A432159005D23D4 /* CharactersModel.swift */,
				A18C56472A6966C100C5BB9F /* EpisodesModel.swift */,
				A18C56492A6966DA00C5BB9F /* LocationsModel.swift */,
			);
			path = Model;
			sourceTree = "<group>";
		};
		A1559D362A4CA1A100067EA0 /* Cell */ = {
			isa = PBXGroup;
			children = (
				A12EB2B72A5C16FC003DC76E /* ViewCell.swift */,
				A109333A2A4993D10013DB0F /* CustomCell.swift */,
			);
			path = Cell;
			sourceTree = "<group>";
		};
		A16D5B812A67D32000922462 /* Views */ = {
			isa = PBXGroup;
			children = (
			);
			path = Views;
			sourceTree = "<group>";
		};
		A18C562C2A6846B200C5BB9F /* Characters */ = {
			isa = PBXGroup;
			children = (
				A1559D362A4CA1A100067EA0 /* Cell */,
				A12230F82A431FC0005D23D4 /* ViewController.swift */,
			);
			path = Characters;
			sourceTree = "<group>";
		};
		A18C56432A6963E600C5BB9F /* Protocols */ = {
			isa = PBXGroup;
			children = (
				A18C56452A69640A00C5BB9F /* protocols.swift */,
			);
			path = Protocols;
			sourceTree = "<group>";
		};
		A1BA041C2A4C10C80053019D /* Resurce */ = {
			isa = PBXGroup;
			children = (
				A18C56412A6963B200C5BB9F /* Memory.swift */,
				A12230F42A431FC0005D23D4 /* AppDelegate.swift */,
				A12230F62A431FC0005D23D4 /* SceneDelegate.swift */,
				A12230FA2A431FC0005D23D4 /* Main.storyboard */,
				A12230FD2A431FC3005D23D4 /* Assets.xcassets */,
				A12230FF2A431FC3005D23D4 /* LaunchScreen.storyboard */,
			);
			path = Resurce;
			sourceTree = "<group>";
		};
/* End PBXGroup section */

/* Begin PBXNativeTarget section */
		A12230F02A431FC0005D23D4 /* RikkiAndMorti */ = {
			isa = PBXNativeTarget;
			buildConfigurationList = A12231052A431FC3005D23D4 /* Build configuration list for PBXNativeTarget "RikkiAndMorti" */;
			buildPhases = (
				A12230ED2A431FC0005D23D4 /* Sources */,
				A12230EE2A431FC0005D23D4 /* Frameworks */,
				A12230EF2A431FC0005D23D4 /* Resources */,
			);
			buildRules = (
			);
			dependencies = (
			);
			name = RikkiAndMorti;
			productName = RikkiAndMorti;
			productReference = A12230F12A431FC0005D23D4 /* RikkiAndMorti.app */;
			productType = "com.apple.product-type.application";
		};
/* End PBXNativeTarget section */

/* Begin PBXProject section */
		A12230E92A431FC0005D23D4 /* Project object */ = {
			isa = PBXProject;
			attributes = {
				BuildIndependentTargetsInParallel = 1;
				LastSwiftUpdateCheck = 1430;
				LastUpgradeCheck = 1430;
				TargetAttributes = {
					A12230F02A431FC0005D23D4 = {
						CreatedOnToolsVersion = 14.3.1;
					};
				};
			};
			buildConfigurationList = A12230EC2A431FC0005D23D4 /* Build configuration list for PBXProject "RikkiAndMorti" */;
			compatibilityVersion = "Xcode 14.0";
			developmentRegion = en;
			hasScannedForEncodings = 0;
			knownRegions = (
				en,
				Base,
			);
			mainGroup = A12230E82A431FC0005D23D4;
			productRefGroup = A12230F22A431FC0005D23D4 /* Products */;
			projectDirPath = "";
			projectRoot = "";
			targets = (
				A12230F02A431FC0005D23D4 /* RikkiAndMorti */,
			);
		};
/* End PBXProject section */

/* Begin PBXResourcesBuildPhase section */
		A12230EF2A431FC0005D23D4 /* Resources */ = {
			isa = PBXResourcesBuildPhase;
			buildActionMask = 2147483647;
			files = (
				A12231012A431FC3005D23D4 /* LaunchScreen.storyboard in Resources */,
				A12230FE2A431FC3005D23D4 /* Assets.xcassets in Resources */,
				A12230FC2A431FC0005D23D4 /* Main.storyboard in Resources */,
			);
			runOnlyForDeploymentPostprocessing = 0;
		};
/* End PBXResourcesBuildPhase section */

/* Begin PBXSourcesBuildPhase section */
		A12230ED2A431FC0005D23D4 /* Sources */ = {
			isa = PBXSourcesBuildPhase;
			buildActionMask = 2147483647;
			files = (
				A122310D2A432159005D23D4 /* CharactersModel.swift in Sources */,
				A18C56422A6963B200C5BB9F /* Memory.swift in Sources */,
				A18C56252A67DF5500C5BB9F /* TabBarcontroller.swift in Sources */,
				A10933392A4990D30013DB0F /* VC+Extension.swift in Sources */,
				A109E5992A6565A100C3F6C9 /* LaunchScreen.swift in Sources */,
				A18C564C2A696AB200C5BB9F /* NetworkManager.swift in Sources */,
				A12EB2B82A5C16FC003DC76E /* ViewCell.swift in Sources */,
				A109333B2A4993D10013DB0F /* CustomCell.swift in Sources */,
				A16D5B802A67C72F00922462 /* LocationCharacter.swift in Sources */,
				A18C564A2A6966DA00C5BB9F /* LocationsModel.swift in Sources */,
				A16D5B7E2A67C71200922462 /* Episode.swift in Sources */,
				A1BA041E2A4C31230053019D /* GetImage.swift in Sources */,
				A12230F92A431FC0005D23D4 /* ViewController.swift in Sources */,
				A12230F52A431FC0005D23D4 /* AppDelegate.swift in Sources */,
				A12230F72A431FC0005D23D4 /* SceneDelegate.swift in Sources */,
				A18C56462A69640A00C5BB9F /* protocols.swift in Sources */,
				A18C56482A6966C100C5BB9F /* EpisodesModel.swift in Sources */,
			);
			runOnlyForDeploymentPostprocessing = 0;
		};
/* End PBXSourcesBuildPhase section */

/* Begin PBXVariantGroup section */
		A12230FA2A431FC0005D23D4 /* Main.storyboard */ = {
			isa = PBXVariantGroup;
			children = (
				A12230FB2A431FC0005D23D4 /* Base */,
			);
			name = Main.storyboard;
			sourceTree = "<group>";
		};
		A12230FF2A431FC3005D23D4 /* LaunchScreen.storyboard */ = {
			isa = PBXVariantGroup;
			children = (
				A12231002A431FC3005D23D4 /* Base */,
			);
			name = LaunchScreen.storyboard;
			sourceTree = "<group>";
		};
/* End PBXVariantGroup section */

/* Begin XCBuildConfiguration section */
		A12231032A431FC3005D23D4 /* Debug */ = {
			isa = XCBuildConfiguration;
			buildSettings = {
				ALWAYS_SEARCH_USER_PATHS = NO;
				CLANG_ANALYZER_NONNULL = YES;
				CLANG_ANALYZER_NUMBER_OBJECT_CONVERSION = YES_AGGRESSIVE;
				CLANG_CXX_LANGUAGE_STANDARD = "gnu++20";
				CLANG_ENABLE_MODULES = YES;
				CLANG_ENABLE_OBJC_ARC = YES;
				CLANG_ENABLE_OBJC_WEAK = YES;
				CLANG_WARN_BLOCK_CAPTURE_AUTORELEASING = YES;
				CLANG_WARN_BOOL_CONVERSION = YES;
				CLANG_WARN_COMMA = YES;
				CLANG_WARN_CONSTANT_CONVERSION = YES;
				CLANG_WARN_DEPRECATED_OBJC_IMPLEMENTATIONS = YES;
				CLANG_WARN_DIRECT_OBJC_ISA_USAGE = YES_ERROR;
				CLANG_WARN_DOCUMENTATION_COMMENTS = YES;
				CLANG_WARN_EMPTY_BODY = YES;
				CLANG_WARN_ENUM_CONVERSION = YES;
				CLANG_WARN_INFINITE_RECURSION = YES;
				CLANG_WARN_INT_CONVERSION = YES;
				CLANG_WARN_NON_LITERAL_NULL_CONVERSION = YES;
				CLANG_WARN_OBJC_IMPLICIT_RETAIN_SELF = YES;
				CLANG_WARN_OBJC_LITERAL_CONVERSION = YES;
				CLANG_WARN_OBJC_ROOT_CLASS = YES_ERROR;
				CLANG_WARN_QUOTED_INCLUDE_IN_FRAMEWORK_HEADER = YES;
				CLANG_WARN_RANGE_LOOP_ANALYSIS = YES;
				CLANG_WARN_STRICT_PROTOTYPES = YES;
				CLANG_WARN_SUSPICIOUS_MOVE = YES;
				CLANG_WARN_UNGUARDED_AVAILABILITY = YES_AGGRESSIVE;
				CLANG_WARN_UNREACHABLE_CODE = YES;
				CLANG_WARN__DUPLICATE_METHOD_MATCH = YES;
				COPY_PHASE_STRIP = NO;
				DEBUG_INFORMATION_FORMAT = dwarf;
				ENABLE_STRICT_OBJC_MSGSEND = YES;
				ENABLE_TESTABILITY = YES;
				GCC_C_LANGUAGE_STANDARD = gnu11;
				GCC_DYNAMIC_NO_PIC = NO;
				GCC_NO_COMMON_BLOCKS = YES;
				GCC_OPTIMIZATION_LEVEL = 0;
				GCC_PREPROCESSOR_DEFINITIONS = (
					"DEBUG=1",
					"$(inherited)",
				);
				GCC_WARN_64_TO_32_BIT_CONVERSION = YES;
				GCC_WARN_ABOUT_RETURN_TYPE = YES_ERROR;
				GCC_WARN_UNDECLARED_SELECTOR = YES;
				GCC_WARN_UNINITIALIZED_AUTOS = YES_AGGRESSIVE;
				GCC_WARN_UNUSED_FUNCTION = YES;
				GCC_WARN_UNUSED_VARIABLE = YES;
				IPHONEOS_DEPLOYMENT_TARGET = 16.4;
				MTL_ENABLE_DEBUG_INFO = INCLUDE_SOURCE;
				MTL_FAST_MATH = YES;
				ONLY_ACTIVE_ARCH = YES;
				SDKROOT = iphoneos;
				SWIFT_ACTIVE_COMPILATION_CONDITIONS = DEBUG;
				SWIFT_OPTIMIZATION_LEVEL = "-Onone";
			};
			name = Debug;
		};
		A12231042A431FC3005D23D4 /* Release */ = {
			isa = XCBuildConfiguration;
			buildSettings = {
				ALWAYS_SEARCH_USER_PATHS = NO;
				CLANG_ANALYZER_NONNULL = YES;
				CLANG_ANALYZER_NUMBER_OBJECT_CONVERSION = YES_AGGRESSIVE;
				CLANG_CXX_LANGUAGE_STANDARD = "gnu++20";
				CLANG_ENABLE_MODULES = YES;
				CLANG_ENABLE_OBJC_ARC = YES;
				CLANG_ENABLE_OBJC_WEAK = YES;
				CLANG_WARN_BLOCK_CAPTURE_AUTORELEASING = YES;
				CLANG_WARN_BOOL_CONVERSION = YES;
				CLANG_WARN_COMMA = YES;
				CLANG_WARN_CONSTANT_CONVERSION = YES;
				CLANG_WARN_DEPRECATED_OBJC_IMPLEMENTATIONS = YES;
				CLANG_WARN_DIRECT_OBJC_ISA_USAGE = YES_ERROR;
				CLANG_WARN_DOCUMENTATION_COMMENTS = YES;
				CLANG_WARN_EMPTY_BODY = YES;
				CLANG_WARN_ENUM_CONVERSION = YES;
				CLANG_WARN_INFINITE_RECURSION = YES;
				CLANG_WARN_INT_CONVERSION = YES;
				CLANG_WARN_NON_LITERAL_NULL_CONVERSION = YES;
				CLANG_WARN_OBJC_IMPLICIT_RETAIN_SELF = YES;
				CLANG_WARN_OBJC_LITERAL_CONVERSION = YES;
				CLANG_WARN_OBJC_ROOT_CLASS = YES_ERROR;
				CLANG_WARN_QUOTED_INCLUDE_IN_FRAMEWORK_HEADER = YES;
				CLANG_WARN_RANGE_LOOP_ANALYSIS = YES;
				CLANG_WARN_STRICT_PROTOTYPES = YES;
				CLANG_WARN_SUSPICIOUS_MOVE = YES;
				CLANG_WARN_UNGUARDED_AVAILABILITY = YES_AGGRESSIVE;
				CLANG_WARN_UNREACHABLE_CODE = YES;
				CLANG_WARN__DUPLICATE_METHOD_MATCH = YES;
				COPY_PHASE_STRIP = NO;
				DEBUG_INFORMATION_FORMAT = "dwarf-with-dsym";
				ENABLE_NS_ASSERTIONS = NO;
				ENABLE_STRICT_OBJC_MSGSEND = YES;
				GCC_C_LANGUAGE_STANDARD = gnu11;
				GCC_NO_COMMON_BLOCKS = YES;
				GCC_WARN_64_TO_32_BIT_CONVERSION = YES;
				GCC_WARN_ABOUT_RETURN_TYPE = YES_ERROR;
				GCC_WARN_UNDECLARED_SELECTOR = YES;
				GCC_WARN_UNINITIALIZED_AUTOS = YES_AGGRESSIVE;
				GCC_WARN_UNUSED_FUNCTION = YES;
				GCC_WARN_UNUSED_VARIABLE = YES;
				IPHONEOS_DEPLOYMENT_TARGET = 16.4;
				MTL_ENABLE_DEBUG_INFO = NO;
				MTL_FAST_MATH = YES;
				SDKROOT = iphoneos;
				SWIFT_COMPILATION_MODE = wholemodule;
				SWIFT_OPTIMIZATION_LEVEL = "-O";
				VALIDATE_PRODUCT = YES;
			};
			name = Release;
		};
		A12231062A431FC3005D23D4 /* Debug */ = {
			isa = XCBuildConfiguration;
			buildSettings = {
				ASSETCATALOG_COMPILER_APPICON_NAME = AppIcon;
				ASSETCATALOG_COMPILER_GLOBAL_ACCENT_COLOR_NAME = AccentColor;
				CODE_SIGN_STYLE = Automatic;
				CURRENT_PROJECT_VERSION = 1;
				GENERATE_INFOPLIST_FILE = YES;
				INFOPLIST_FILE = RikkiAndMorti/Info.plist;
				INFOPLIST_KEY_UIApplicationSupportsIndirectInputEvents = YES;
				INFOPLIST_KEY_UILaunchStoryboardName = LaunchScreen;
				INFOPLIST_KEY_UIMainStoryboardFile = Main;
				INFOPLIST_KEY_UISupportedInterfaceOrientations = "UIInterfaceOrientationLandscapeLeft UIInterfaceOrientationLandscapeRight UIInterfaceOrientationPortrait UIInterfaceOrientationPortraitUpsideDown";
				IPHONEOS_DEPLOYMENT_TARGET = 16.0;
				LD_RUNPATH_SEARCH_PATHS = (
					"$(inherited)",
					"@executable_path/Frameworks",
				);
				MARKETING_VERSION = 1.0;
				PRODUCT_BUNDLE_IDENTIFIER = DmytroSeheida.RikkiAndMorti;
				PRODUCT_NAME = "$(TARGET_NAME)";
				SUPPORTED_PLATFORMS = "iphoneos iphonesimulator";
				SUPPORTS_MACCATALYST = NO;
				SUPPORTS_MAC_DESIGNED_FOR_IPHONE_IPAD = NO;
				SWIFT_EMIT_LOC_STRINGS = YES;
				SWIFT_VERSION = 5.0;
				TARGETED_DEVICE_FAMILY = "1,2";
			};
			name = Debug;
		};
		A12231072A431FC3005D23D4 /* Release */ = {
			isa = XCBuildConfiguration;
			buildSettings = {
				ASSETCATALOG_COMPILER_APPICON_NAME = AppIcon;
				ASSETCATALOG_COMPILER_GLOBAL_ACCENT_COLOR_NAME = AccentColor;
				CODE_SIGN_STYLE = Automatic;
				CURRENT_PROJECT_VERSION = 1;
				GENERATE_INFOPLIST_FILE = YES;
				INFOPLIST_FILE = RikkiAndMorti/Info.plist;
				INFOPLIST_KEY_UIApplicationSupportsIndirectInputEvents = YES;
				INFOPLIST_KEY_UILaunchStoryboardName = LaunchScreen;
				INFOPLIST_KEY_UIMainStoryboardFile = Main;
				INFOPLIST_KEY_UISupportedInterfaceOrientations = "UIInterfaceOrientationLandscapeLeft UIInterfaceOrientationLandscapeRight UIInterfaceOrientationPortrait UIInterfaceOrientationPortraitUpsideDown";
				IPHONEOS_DEPLOYMENT_TARGET = 16.0;
				LD_RUNPATH_SEARCH_PATHS = (
					"$(inherited)",
					"@executable_path/Frameworks",
				);
				MARKETING_VERSION = 1.0;
				PRODUCT_BUNDLE_IDENTIFIER = DmytroSeheida.RikkiAndMorti;
				PRODUCT_NAME = "$(TARGET_NAME)";
				SUPPORTED_PLATFORMS = "iphoneos iphonesimulator";
				SUPPORTS_MACCATALYST = NO;
				SUPPORTS_MAC_DESIGNED_FOR_IPHONE_IPAD = NO;
				SWIFT_EMIT_LOC_STRINGS = YES;
				SWIFT_VERSION = 5.0;
				TARGETED_DEVICE_FAMILY = "1,2";
			};
			name = Release;
		};
/* End XCBuildConfiguration section */

/* Begin XCConfigurationList section */
		A12230EC2A431FC0005D23D4 /* Build configuration list for PBXProject "RikkiAndMorti" */ = {
			isa = XCConfigurationList;
			buildConfigurations = (
				A12231032A431FC3005D23D4 /* Debug */,
				A12231042A431FC3005D23D4 /* Release */,
			);
			defaultConfigurationIsVisible = 0;
			defaultConfigurationName = Release;
		};
		A12231052A431FC3005D23D4 /* Build configuration list for PBXNativeTarget "RikkiAndMorti" */ = {
			isa = XCConfigurationList;
			buildConfigurations = (
				A12231062A431FC3005D23D4 /* Debug */,
				A12231072A431FC3005D23D4 /* Release */,
			);
			defaultConfigurationIsVisible = 0;
			defaultConfigurationName = Release;
		};
/* End XCConfigurationList section */
	};
	rootObject = A12230E92A431FC0005D23D4 /* Project object */;
}
